
Microsoft Visual Studio Solution File, Format Version 12.00
# Visual Studio Version 16
VisualStudioVersion = 16.0.31729.503
MinimumVisualStudioVersion = 10.0.40219.1
Project("{FAE04EC0-301F-11D3-BF4B-00C04F79EFBC}") = "TestProject2", "TestProject2\TestProject2.csproj", "{D5CA53BC-1115-4A8C-9580-333D4BF0AF37}"
EndProject
Global
	GlobalSection(SolutionConfigurationPlatforms) = preSolution
		Debug|Any CPU = Debug|Any CPU
		Release|Any CPU = Release|Any CPU
	EndGlobalSection
	GlobalSection(ProjectConfigurationPlatforms) = postSolution
		{D5CA53BC-1115-4A8C-9580-333D4BF0AF37}.Debug|Any CPU.ActiveCfg = Debug|Any CPU
		{D5CA53BC-1115-4A8C-9580-333D4BF0AF37}.Debug|Any CPU.Build.0 = Debug|Any CPU
		{D5CA53BC-1115-4A8C-9580-333D4BF0AF37}.Release|Any CPU.ActiveCfg = Release|Any CPU
		{D5CA53BC-1115-4A8C-9580-333D4BF0AF37}.Release|Any CPU.Build.0 = Release|Any CPU
	EndGlobalSection
	GlobalSection(SolutionProperties) = preSolution
		HideSolutionNode = FALSE
	EndGlobalSection
	GlobalSection(ExtensibilityGlobals) = postSolution
		SolutionGuid = {19A69D9C-DB4B-4D45-8FE3-F2A32EAC8993}
	EndGlobalSection
EndGlobal
